
Microsoft Visual Studio Solution File, Format Version 12.00
# Visual Studio Version 17
VisualStudioVersion = 17.1.32328.378
MinimumVisualStudioVersion = 10.0.40219.1
Project("{9A19103F-16F7-4668-BE54-9A1E7A4F7556}") = "CSharpKatas", "CountingDuplicates\CSharpKatas.csproj", "{2577212B-461A-4D6E-AAB9-AED21A66AE5F}"
EndProject
Global
	GlobalSection(SolutionConfigurationPlatforms) = preSolution
		Debug|Any CPU = Debug|Any CPU
		Release|Any CPU = Release|Any CPU
	EndGlobalSection
	GlobalSection(ProjectConfigurationPlatforms) = postSolution
		{2577212B-461A-4D6E-AAB9-AED21A66AE5F}.Debug|Any CPU.ActiveCfg = Debug|Any CPU
		{2577212B-461A-4D6E-AAB9-AED21A66AE5F}.Debug|Any CPU.Build.0 = Debug|Any CPU
		{2577212B-461A-4D6E-AAB9-AED21A66AE5F}.Release|Any CPU.ActiveCfg = Release|Any CPU
		{2577212B-461A-4D6E-AAB9-AED21A66AE5F}.Release|Any CPU.Build.0 = Release|Any CPU
	EndGlobalSection
	GlobalSection(SolutionProperties) = preSolution
		HideSolutionNode = FALSE
	EndGlobalSection
	GlobalSection(ExtensibilityGlobals) = postSolution
		SolutionGuid = {BC4D9A6F-25FE-4D0B-9C5F-0EC8E1437494}
	EndGlobalSection
EndGlobal
