
Microsoft Visual Studio Solution File, Format Version 12.00
# Visual Studio Version 17
VisualStudioVersion = 17.1.32328.378
MinimumVisualStudioVersion = 10.0.40219.1
Project("{FAE04EC0-301F-11D3-BF4B-00C04F79EFBC}") = "FunctionsAnsdActions", "FunctionsAnsdActions.csproj", "{4BBABA04-E37B-4BF7-A114-73411863FFBE}"
EndProject
Global
	GlobalSection(SolutionConfigurationPlatforms) = preSolution
		Debug|Any CPU = Debug|Any CPU
		Release|Any CPU = Release|Any CPU
	EndGlobalSection
	GlobalSection(ProjectConfigurationPlatforms) = postSolution
		{4BBABA04-E37B-4BF7-A114-73411863FFBE}.Debug|Any CPU.ActiveCfg = Debug|Any CPU
		{4BBABA04-E37B-4BF7-A114-73411863FFBE}.Debug|Any CPU.Build.0 = Debug|Any CPU
		{4BBABA04-E37B-4BF7-A114-73411863FFBE}.Release|Any CPU.ActiveCfg = Release|Any CPU
		{4BBABA04-E37B-4BF7-A114-73411863FFBE}.Release|Any CPU.Build.0 = Release|Any CPU
	EndGlobalSection
	GlobalSection(SolutionProperties) = preSolution
		HideSolutionNode = FALSE
	EndGlobalSection
	GlobalSection(ExtensibilityGlobals) = postSolution
		SolutionGuid = {F939BB92-14BA-42F6-A2E5-9BFC1188A4B3}
	EndGlobalSection
EndGlobal
