
Microsoft Visual Studio Solution File, Format Version 12.00
# Visual Studio Version 17
VisualStudioVersion = 17.1.32328.378
MinimumVisualStudioVersion = 10.0.40219.1
Project("{FAE04EC0-301F-11D3-BF4B-00C04F79EFBC}") = "CSharpEvents", "CSharpEvents.csproj", "{DE0C1654-FA86-4710-ACC0-D47E48A6EA71}"
EndProject
Global
	GlobalSection(SolutionConfigurationPlatforms) = preSolution
		Debug|Any CPU = Debug|Any CPU
		Release|Any CPU = Release|Any CPU
	EndGlobalSection
	GlobalSection(ProjectConfigurationPlatforms) = postSolution
		{DE0C1654-FA86-4710-ACC0-D47E48A6EA71}.Debug|Any CPU.ActiveCfg = Debug|Any CPU
		{DE0C1654-FA86-4710-ACC0-D47E48A6EA71}.Debug|Any CPU.Build.0 = Debug|Any CPU
		{DE0C1654-FA86-4710-ACC0-D47E48A6EA71}.Release|Any CPU.ActiveCfg = Release|Any CPU
		{DE0C1654-FA86-4710-ACC0-D47E48A6EA71}.Release|Any CPU.Build.0 = Release|Any CPU
	EndGlobalSection
	GlobalSection(SolutionProperties) = preSolution
		HideSolutionNode = FALSE
	EndGlobalSection
	GlobalSection(ExtensibilityGlobals) = postSolution
		SolutionGuid = {BB15F131-3C22-4C98-9259-0BFF3F919BD9}
	EndGlobalSection
EndGlobal
